
Microsoft Visual Studio Solution File, Format Version 12.00
# Visual Studio Version 17
VisualStudioVersion = 17.13.35806.99 d17.13
MinimumVisualStudioVersion = 10.0.40219.1
Project("{FAE04EC0-301F-11D3-BF4B-00C04F79EFBC}") = "WebCropApi", "WebCropApi\WebCropApi.csproj", "{9DE8D94A-D7EF-41EA-A9A1-38BDC83885B6}"
EndProject
Global
	GlobalSection(SolutionConfigurationPlatforms) = preSolution
		Debug|Any CPU = Debug|Any CPU
		Release|Any CPU = Release|Any CPU
	EndGlobalSection
	GlobalSection(ProjectConfigurationPlatforms) = postSolution
		{9DE8D94A-D7EF-41EA-A9A1-38BDC83885B6}.Debug|Any CPU.ActiveCfg = Debug|Any CPU
		{9DE8D94A-D7EF-41EA-A9A1-38BDC83885B6}.Debug|Any CPU.Build.0 = Debug|Any CPU
		{9DE8D94A-D7EF-41EA-A9A1-38BDC83885B6}.Release|Any CPU.ActiveCfg = Release|Any CPU
		{9DE8D94A-D7EF-41EA-A9A1-38BDC83885B6}.Release|Any CPU.Build.0 = Release|Any CPU
	EndGlobalSection
	GlobalSection(SolutionProperties) = preSolution
		HideSolutionNode = FALSE
	EndGlobalSection
	GlobalSection(ExtensibilityGlobals) = postSolution
		SolutionGuid = {987A8BC0-1BF7-4327-B2BD-462B8FD59257}
	EndGlobalSection
EndGlobal
